
Microsoft Visual Studio Solution File, Format Version 12.00
# Visual Studio Version 17
VisualStudioVersion = 17.6.33829.357
MinimumVisualStudioVersion = 10.0.40219.1
Project("{FAE04EC0-301F-11D3-BF4B-00C04F79EFBC}") = "Business", "Business\Business.csproj", "{8CA83F48-675A-4C11-A469-8E10C24BD028}"
EndProject
Project("{FAE04EC0-301F-11D3-BF4B-00C04F79EFBC}") = "DataAccess", "DataAccess\DataAccess.csproj", "{B15AB873-25E0-4235-A7D2-FA872BBE1F87}"
EndProject
Project("{FAE04EC0-301F-11D3-BF4B-00C04F79EFBC}") = "Core", "Core\Core.csproj", "{8AEE3696-BD30-4BF9-8F3E-A2D9D9B3FDA2}"
EndProject
Project("{FAE04EC0-301F-11D3-BF4B-00C04F79EFBC}") = "Entities", "Entities\Entities.csproj", "{6E877C36-0FAE-4C63-B1BE-6CA84A1AA08F}"
EndProject
Project("{FAE04EC0-301F-11D3-BF4B-00C04F79EFBC}") = "WebAPI", "WebAPI\WebAPI.csproj", "{AF2802C0-3BF4-463C-9BDB-7ADE2071F18B}"
EndProject
Global
	GlobalSection(SolutionConfigurationPlatforms) = preSolution
		Debug|Any CPU = Debug|Any CPU
		Release|Any CPU = Release|Any CPU
	EndGlobalSection
	GlobalSection(ProjectConfigurationPlatforms) = postSolution
		{8CA83F48-675A-4C11-A469-8E10C24BD028}.Debug|Any CPU.ActiveCfg = Debug|Any CPU
		{8CA83F48-675A-4C11-A469-8E10C24BD028}.Debug|Any CPU.Build.0 = Debug|Any CPU
		{8CA83F48-675A-4C11-A469-8E10C24BD028}.Release|Any CPU.ActiveCfg = Release|Any CPU
		{8CA83F48-675A-4C11-A469-8E10C24BD028}.Release|Any CPU.Build.0 = Release|Any CPU
		{B15AB873-25E0-4235-A7D2-FA872BBE1F87}.Debug|Any CPU.ActiveCfg = Debug|Any CPU
		{B15AB873-25E0-4235-A7D2-FA872BBE1F87}.Debug|Any CPU.Build.0 = Debug|Any CPU
		{B15AB873-25E0-4235-A7D2-FA872BBE1F87}.Release|Any CPU.ActiveCfg = Release|Any CPU
		{B15AB873-25E0-4235-A7D2-FA872BBE1F87}.Release|Any CPU.Build.0 = Release|Any CPU
		{8AEE3696-BD30-4BF9-8F3E-A2D9D9B3FDA2}.Debug|Any CPU.ActiveCfg = Debug|Any CPU
		{8AEE3696-BD30-4BF9-8F3E-A2D9D9B3FDA2}.Debug|Any CPU.Build.0 = Debug|Any CPU
		{8AEE3696-BD30-4BF9-8F3E-A2D9D9B3FDA2}.Release|Any CPU.ActiveCfg = Release|Any CPU
		{8AEE3696-BD30-4BF9-8F3E-A2D9D9B3FDA2}.Release|Any CPU.Build.0 = Release|Any CPU
		{6E877C36-0FAE-4C63-B1BE-6CA84A1AA08F}.Debug|Any CPU.ActiveCfg = Debug|Any CPU
		{6E877C36-0FAE-4C63-B1BE-6CA84A1AA08F}.Debug|Any CPU.Build.0 = Debug|Any CPU
		{6E877C36-0FAE-4C63-B1BE-6CA84A1AA08F}.Release|Any CPU.ActiveCfg = Release|Any CPU
		{6E877C36-0FAE-4C63-B1BE-6CA84A1AA08F}.Release|Any CPU.Build.0 = Release|Any CPU
		{AF2802C0-3BF4-463C-9BDB-7ADE2071F18B}.Debug|Any CPU.ActiveCfg = Debug|Any CPU
		{AF2802C0-3BF4-463C-9BDB-7ADE2071F18B}.Debug|Any CPU.Build.0 = Debug|Any CPU
		{AF2802C0-3BF4-463C-9BDB-7ADE2071F18B}.Release|Any CPU.ActiveCfg = Release|Any CPU
		{AF2802C0-3BF4-463C-9BDB-7ADE2071F18B}.Release|Any CPU.Build.0 = Release|Any CPU
	EndGlobalSection
	GlobalSection(SolutionProperties) = preSolution
		HideSolutionNode = FALSE
	EndGlobalSection
	GlobalSection(ExtensibilityGlobals) = postSolution
		SolutionGuid = {A26BFC98-8EE9-4E93-AB04-4A217B2753D3}
	EndGlobalSection
EndGlobal
